// !$*UTF8*$!
{
	archiveVersion = 1;
	classes = {
	};
	objectVersion = 46;
	objects = {

/* Begin PBXBuildFile section */
		1001B91D1F72A7F500B999C2 /* analogue_click.wav in Resources */ = {isa = PBXBuildFile; fileRef = 1001B91C1F72A50300B999C2 /* analogue_click.wav */; };
		1001B91F1F72A89000B999C2 /* retro_affirm.wav in Resources */ = {isa = PBXBuildFile; fileRef = 1001B91E1F72A88D00B999C2 /* retro_affirm.wav */; };
		1001B9211F72A9FB00B999C2 /* echo_affirm.wav in Resources */ = {isa = PBXBuildFile; fileRef = 1001B9201F72A9F800B999C2 /* echo_affirm.wav */; };
		1001B9241F72AAC800B999C2 /* click_alert.wav in Resources */ = {isa = PBXBuildFile; fileRef = 1001B9221F72AAB900B999C2 /* click_alert.wav */; };
		101AE2481F61798B00F2EC17 /* DatePickerVC.swift in Sources */ = {isa = PBXBuildFile; fileRef = 101AE2471F61798B00F2EC17 /* DatePickerVC.swift */; };
		101AE24A1F617A7A00F2EC17 /* Delegates.swift in Sources */ = {isa = PBXBuildFile; fileRef = 101AE2491F617A7A00F2EC17 /* Delegates.swift */; };
		102942B41F74AD700042F87B /* Settings.swift in Sources */ = {isa = PBXBuildFile; fileRef = 102942B31F74AD700042F87B /* Settings.swift */; };
		1034A8E91F9A6F7F00174411 /* NotificationCenter.framework in Frameworks */ = {isa = PBXBuildFile; fileRef = 1034A8E81F9A6F7F00174411 /* NotificationCenter.framework */; };
		1034A8EC1F9A6F7F00174411 /* TodayViewController.swift in Sources */ = {isa = PBXBuildFile; fileRef = 1034A8EB1F9A6F7F00174411 /* TodayViewController.swift */; };
		1034A8EF1F9A6F7F00174411 /* MainInterface.storyboard in Resources */ = {isa = PBXBuildFile; fileRef = 1034A8ED1F9A6F7F00174411 /* MainInterface.storyboard */; };
		1034A8F31F9A6F7F00174411 /* todayWidget.appex in Embed App Extensions */ = {isa = PBXBuildFile; fileRef = 1034A8E71F9A6F7F00174411 /* todayWidget.appex */; settings = {ATTRIBUTES = (RemoveHeadersOnCopy, ); }; };
		1034A8F81F9A712400174411 /* TodayViewController.swift in Sources */ = {isa = PBXBuildFile; fileRef = 1034A8EB1F9A6F7F00174411 /* TodayViewController.swift */; };
		1034A8FC1F9A736500174411 /* Instance+CoreDataClass.swift in Sources */ = {isa = PBXBuildFile; fileRef = 10F926CB1F585BB700D06941 /* Instance+CoreDataClass.swift */; };
		1034A8FD1F9A736500174411 /* Instance+CoreDataProperties.swift in Sources */ = {isa = PBXBuildFile; fileRef = 10F926CC1F585BB700D06941 /* Instance+CoreDataProperties.swift */; };
		1034A8FE1F9A736500174411 /* Activity+CoreDataClass.swift in Sources */ = {isa = PBXBuildFile; fileRef = 10F926CD1F585BB700D06941 /* Activity+CoreDataClass.swift */; };
		1034A8FF1F9A736500174411 /* Activity+CoreDataProperties.swift in Sources */ = {isa = PBXBuildFile; fileRef = 10F926CE1F585BB700D06941 /* Activity+CoreDataProperties.swift */; };
		1034A9001F9A737E00174411 /* Extensions.swift in Sources */ = {isa = PBXBuildFile; fileRef = 105AD72B1F60204C00F36249 /* Extensions.swift */; };
		1039AE951F6C182300218D5B /* NewActivityPopoverVC.swift in Sources */ = {isa = PBXBuildFile; fileRef = 1039AE941F6C182300218D5B /* NewActivityPopoverVC.swift */; };
		1040F4951F65DBC700893F7D /* IncrementButton.swift in Sources */ = {isa = PBXBuildFile; fileRef = 1040F4941F65DBC700893F7D /* IncrementButton.swift */; };
		1042BABE1F9E1FE800888169 /* It_Happened.xcdatamodeld in Sources */ = {isa = PBXBuildFile; fileRef = 1042BABC1F9E1FE800888169 /* It_Happened.xcdatamodeld */; };
		104463681F5AF33D00312E5A /* InstanceCell.swift in Sources */ = {isa = PBXBuildFile; fileRef = 104463671F5AF33D00312E5A /* InstanceCell.swift */; };
		1044636A1F5B001600312E5A /* EditInstanceVC.swift in Sources */ = {isa = PBXBuildFile; fileRef = 104463691F5B001600312E5A /* EditInstanceVC.swift */; };
		1044636C1F5B048800312E5A /* BaseButton.swift in Sources */ = {isa = PBXBuildFile; fileRef = 1044636B1F5B048800312E5A /* BaseButton.swift */; };
		10464D471F6D50D200AF1D27 /* DeleteConfirmationVC.swift in Sources */ = {isa = PBXBuildFile; fileRef = 10464D461F6D50D200AF1D27 /* DeleteConfirmationVC.swift */; };
		105A759D1F96349F00903AC9 /* ActivityInfoVC.swift in Sources */ = {isa = PBXBuildFile; fileRef = 105A759C1F96349F00903AC9 /* ActivityInfoVC.swift */; };
		105AD72C1F60204C00F36249 /* Extensions.swift in Sources */ = {isa = PBXBuildFile; fileRef = 105AD72B1F60204C00F36249 /* Extensions.swift */; };
		105AD72E1F6020D100F36249 /* ActivityTableView.swift in Sources */ = {isa = PBXBuildFile; fileRef = 105AD72D1F6020D100F36249 /* ActivityTableView.swift */; };
		106C3A7D1F647D2800E3D7F3 /* NewButton.swift in Sources */ = {isa = PBXBuildFile; fileRef = 106C3A7C1F647D2800E3D7F3 /* NewButton.swift */; };
		107F788E1F92373C00834CE0 /* Animations.swift in Sources */ = {isa = PBXBuildFile; fileRef = 107F788D1F92373C00834CE0 /* Animations.swift */; };
		1091DA271F59907D00BBD040 /* ActivityCell.swift in Sources */ = {isa = PBXBuildFile; fileRef = 1091DA261F59907D00BBD040 /* ActivityCell.swift */; };
		10A7DF021F584CE8004C4F61 /* AppDelegate.swift in Sources */ = {isa = PBXBuildFile; fileRef = 10A7DF011F584CE8004C4F61 /* AppDelegate.swift */; };
		10A7DF041F584CE8004C4F61 /* ActivityVC.swift in Sources */ = {isa = PBXBuildFile; fileRef = 10A7DF031F584CE8004C4F61 /* ActivityVC.swift */; };
		10A7DF071F584CE8004C4F61 /* Main.storyboard in Resources */ = {isa = PBXBuildFile; fileRef = 10A7DF051F584CE8004C4F61 /* Main.storyboard */; };
		10A7DF0C1F584CE8004C4F61 /* Assets.xcassets in Resources */ = {isa = PBXBuildFile; fileRef = 10A7DF0B1F584CE8004C4F61 /* Assets.xcassets */; };
		10A7DF0F1F584CE8004C4F61 /* LaunchScreen.storyboard in Resources */ = {isa = PBXBuildFile; fileRef = 10A7DF0D1F584CE8004C4F61 /* LaunchScreen.storyboard */; };
		10A7DF171F585153004C4F61 /* DataManager.swift in Sources */ = {isa = PBXBuildFile; fileRef = 10A7DF161F585153004C4F61 /* DataManager.swift */; };
		10A7DF191F58515C004C4F61 /* Style.swift in Sources */ = {isa = PBXBuildFile; fileRef = 10A7DF181F58515C004C4F61 /* Style.swift */; };
		10A7DF1F1F585321004C4F61 /* InstanceVC.swift in Sources */ = {isa = PBXBuildFile; fileRef = 10A7DF1E1F585321004C4F61 /* InstanceVC.swift */; };
		10D06D451F70B7CF00646197 /* PopoverPresenterProtocol.swift in Sources */ = {isa = PBXBuildFile; fileRef = 10D06D441F70B7CF00646197 /* PopoverPresenterProtocol.swift */; };
		10D66C271FA4BABA005BAD03 /* It_Happened.xcdatamodeld in Sources */ = {isa = PBXBuildFile; fileRef = 1042BABC1F9E1FE800888169 /* It_Happened.xcdatamodeld */; };
		10E2C7B41F732852002D1073 /* analogue_click1.wav in Resources */ = {isa = PBXBuildFile; fileRef = 10E2C7B31F732850002D1073 /* analogue_click1.wav */; };
		10E2C7B61F7328D7002D1073 /* techy_affirm.wav in Resources */ = {isa = PBXBuildFile; fileRef = 10E2C7B51F7328D5002D1073 /* techy_affirm.wav */; };
		10EA3EA61F7158AD00778ADF /* AudioPlayer.swift in Sources */ = {isa = PBXBuildFile; fileRef = 10EA3EA51F7158AD00778ADF /* AudioPlayer.swift */; };
		10EDEE311FA0CCE40079091E /* TodayViewCell.swift in Sources */ = {isa = PBXBuildFile; fileRef = 10EDEE301FA0CCE40079091E /* TodayViewCell.swift */; };
		10EDEE321FA0CE030079091E /* IncrementButton.swift in Sources */ = {isa = PBXBuildFile; fileRef = 1040F4941F65DBC700893F7D /* IncrementButton.swift */; };
		10EDEE331FA0CEAB0079091E /* TodayViewCell.swift in Sources */ = {isa = PBXBuildFile; fileRef = 10EDEE301FA0CCE40079091E /* TodayViewCell.swift */; };
		10EDEE351FA0DAC30079091E /* Settings.swift in Sources */ = {isa = PBXBuildFile; fileRef = 102942B31F74AD700042F87B /* Settings.swift */; };
		10EDEE361FA0DAD30079091E /* Style.swift in Sources */ = {isa = PBXBuildFile; fileRef = 10A7DF181F58515C004C4F61 /* Style.swift */; };
		10EDEE371FA152590079091E /* Assets.xcassets in Resources */ = {isa = PBXBuildFile; fileRef = 10A7DF0B1F584CE8004C4F61 /* Assets.xcassets */; };
		10F926CF1F585BB700D06941 /* Instance+CoreDataClass.swift in Sources */ = {isa = PBXBuildFile; fileRef = 10F926CB1F585BB700D06941 /* Instance+CoreDataClass.swift */; };
		10F926D01F585BB700D06941 /* Instance+CoreDataProperties.swift in Sources */ = {isa = PBXBuildFile; fileRef = 10F926CC1F585BB700D06941 /* Instance+CoreDataProperties.swift */; };
		10F926D11F585BB700D06941 /* Activity+CoreDataClass.swift in Sources */ = {isa = PBXBuildFile; fileRef = 10F926CD1F585BB700D06941 /* Activity+CoreDataClass.swift */; };
		10F926D21F585BB700D06941 /* Activity+CoreDataProperties.swift in Sources */ = {isa = PBXBuildFile; fileRef = 10F926CE1F585BB700D06941 /* Activity+CoreDataProperties.swift */; };
		90D82EEC2610914C2652C359 /* Pods_It_Happened.framework in Frameworks */ = {isa = PBXBuildFile; fileRef = EBACC69CB3223D71835B0F20 /* Pods_It_Happened.framework */; };
/* End PBXBuildFile section */

/* Begin PBXContainerItemProxy section */
		1034A8F11F9A6F7F00174411 /* PBXContainerItemProxy */ = {
			isa = PBXContainerItemProxy;
			containerPortal = 10A7DEF61F584CE7004C4F61 /* Project object */;
			proxyType = 1;
			remoteGlobalIDString = 1034A8E61F9A6F7F00174411;
			remoteInfo = todayWidget;
		};
/* End PBXContainerItemProxy section */

/* Begin PBXCopyFilesBuildPhase section */
		1034A8F71F9A6F7F00174411 /* Embed App Extensions */ = {
			isa = PBXCopyFilesBuildPhase;
			buildActionMask = 2147483647;
			dstPath = "";
			dstSubfolderSpec = 13;
			files = (
				1034A8F31F9A6F7F00174411 /* todayWidget.appex in Embed App Extensions */,
			);
			name = "Embed App Extensions";
			runOnlyForDeploymentPostprocessing = 0;
		};
/* End PBXCopyFilesBuildPhase section */

/* Begin PBXFileReference section */
		1001B91C1F72A50300B999C2 /* analogue_click.wav */ = {isa = PBXFileReference; lastKnownFileType = audio.wav; path = analogue_click.wav; sourceTree = "<group>"; };
		1001B91E1F72A88D00B999C2 /* retro_affirm.wav */ = {isa = PBXFileReference; lastKnownFileType = audio.wav; path = retro_affirm.wav; sourceTree = "<group>"; };
		1001B9201F72A9F800B999C2 /* echo_affirm.wav */ = {isa = PBXFileReference; lastKnownFileType = audio.wav; path = echo_affirm.wav; sourceTree = "<group>"; };
		1001B9221F72AAB900B999C2 /* click_alert.wav */ = {isa = PBXFileReference; lastKnownFileType = audio.wav; path = click_alert.wav; sourceTree = "<group>"; };
		101AE2471F61798B00F2EC17 /* DatePickerVC.swift */ = {isa = PBXFileReference; fileEncoding = 4; lastKnownFileType = sourcecode.swift; path = DatePickerVC.swift; sourceTree = "<group>"; };
		101AE2491F617A7A00F2EC17 /* Delegates.swift */ = {isa = PBXFileReference; fileEncoding = 4; lastKnownFileType = sourcecode.swift; path = Delegates.swift; sourceTree = "<group>"; };
		102942B31F74AD700042F87B /* Settings.swift */ = {isa = PBXFileReference; lastKnownFileType = sourcecode.swift; path = Settings.swift; sourceTree = "<group>"; };
		1034A8E71F9A6F7F00174411 /* todayWidget.appex */ = {isa = PBXFileReference; explicitFileType = "wrapper.app-extension"; includeInIndex = 0; path = todayWidget.appex; sourceTree = BUILT_PRODUCTS_DIR; };
		1034A8E81F9A6F7F00174411 /* NotificationCenter.framework */ = {isa = PBXFileReference; lastKnownFileType = wrapper.framework; name = NotificationCenter.framework; path = System/Library/Frameworks/NotificationCenter.framework; sourceTree = SDKROOT; };
		1034A8EB1F9A6F7F00174411 /* TodayViewController.swift */ = {isa = PBXFileReference; lastKnownFileType = sourcecode.swift; path = TodayViewController.swift; sourceTree = "<group>"; };
		1034A8EE1F9A6F7F00174411 /* Base */ = {isa = PBXFileReference; lastKnownFileType = file.storyboard; name = Base; path = Base.lproj/MainInterface.storyboard; sourceTree = "<group>"; };
		1034A8F01F9A6F7F00174411 /* Info.plist */ = {isa = PBXFileReference; lastKnownFileType = text.plist.xml; path = Info.plist; sourceTree = "<group>"; };
		1034A8F91F9A729C00174411 /* It Happened.entitlements */ = {isa = PBXFileReference; lastKnownFileType = text.plist.entitlements; path = "It Happened.entitlements"; sourceTree = "<group>"; };
		1034A8FA1F9A72D500174411 /* todayWidget.entitlements */ = {isa = PBXFileReference; lastKnownFileType = text.plist.entitlements; path = todayWidget.entitlements; sourceTree = "<group>"; };
		1039AE941F6C182300218D5B /* NewActivityPopoverVC.swift */ = {isa = PBXFileReference; lastKnownFileType = sourcecode.swift; path = NewActivityPopoverVC.swift; sourceTree = "<group>"; };
		1040F4941F65DBC700893F7D /* IncrementButton.swift */ = {isa = PBXFileReference; fileEncoding = 4; lastKnownFileType = sourcecode.swift; path = IncrementButton.swift; sourceTree = "<group>"; };
		1042BABD1F9E1FE800888169 /* It_Happened.xcdatamodel */ = {isa = PBXFileReference; lastKnownFileType = wrapper.xcdatamodel; path = It_Happened.xcdatamodel; sourceTree = "<group>"; };
		104463671F5AF33D00312E5A /* InstanceCell.swift */ = {isa = PBXFileReference; fileEncoding = 4; lastKnownFileType = sourcecode.swift; path = InstanceCell.swift; sourceTree = "<group>"; };
		104463691F5B001600312E5A /* EditInstanceVC.swift */ = {isa = PBXFileReference; fileEncoding = 4; lastKnownFileType = sourcecode.swift; path = EditInstanceVC.swift; sourceTree = "<group>"; };
		1044636B1F5B048800312E5A /* BaseButton.swift */ = {isa = PBXFileReference; fileEncoding = 4; lastKnownFileType = sourcecode.swift; path = BaseButton.swift; sourceTree = "<group>"; };
		10464D461F6D50D200AF1D27 /* DeleteConfirmationVC.swift */ = {isa = PBXFileReference; lastKnownFileType = sourcecode.swift; path = DeleteConfirmationVC.swift; sourceTree = "<group>"; };
		105A759C1F96349F00903AC9 /* ActivityInfoVC.swift */ = {isa = PBXFileReference; lastKnownFileType = sourcecode.swift; path = ActivityInfoVC.swift; sourceTree = "<group>"; };
		105AD72B1F60204C00F36249 /* Extensions.swift */ = {isa = PBXFileReference; fileEncoding = 4; lastKnownFileType = sourcecode.swift; path = Extensions.swift; sourceTree = "<group>"; };
		105AD72D1F6020D100F36249 /* ActivityTableView.swift */ = {isa = PBXFileReference; fileEncoding = 4; lastKnownFileType = sourcecode.swift; path = ActivityTableView.swift; sourceTree = "<group>"; };
		106C3A7C1F647D2800E3D7F3 /* NewButton.swift */ = {isa = PBXFileReference; fileEncoding = 4; lastKnownFileType = sourcecode.swift; path = NewButton.swift; sourceTree = "<group>"; };
		107F788D1F92373C00834CE0 /* Animations.swift */ = {isa = PBXFileReference; lastKnownFileType = sourcecode.swift; path = Animations.swift; sourceTree = "<group>"; };
		1091DA261F59907D00BBD040 /* ActivityCell.swift */ = {isa = PBXFileReference; fileEncoding = 4; lastKnownFileType = sourcecode.swift; path = ActivityCell.swift; sourceTree = "<group>"; };
		10A7DEFE1F584CE8004C4F61 /* It Happened.app */ = {isa = PBXFileReference; explicitFileType = wrapper.application; includeInIndex = 0; path = "It Happened.app"; sourceTree = BUILT_PRODUCTS_DIR; };
		10A7DF011F584CE8004C4F61 /* AppDelegate.swift */ = {isa = PBXFileReference; lastKnownFileType = sourcecode.swift; path = AppDelegate.swift; sourceTree = "<group>"; };
		10A7DF031F584CE8004C4F61 /* ActivityVC.swift */ = {isa = PBXFileReference; lastKnownFileType = sourcecode.swift; path = ActivityVC.swift; sourceTree = "<group>"; };
		10A7DF061F584CE8004C4F61 /* Base */ = {isa = PBXFileReference; lastKnownFileType = file.storyboard; name = Base; path = Base.lproj/Main.storyboard; sourceTree = "<group>"; };
		10A7DF0B1F584CE8004C4F61 /* Assets.xcassets */ = {isa = PBXFileReference; lastKnownFileType = folder.assetcatalog; path = Assets.xcassets; sourceTree = "<group>"; };
		10A7DF0E1F584CE8004C4F61 /* Base */ = {isa = PBXFileReference; lastKnownFileType = file.storyboard; name = Base; path = Base.lproj/LaunchScreen.storyboard; sourceTree = "<group>"; };
		10A7DF101F584CE8004C4F61 /* Info.plist */ = {isa = PBXFileReference; lastKnownFileType = text.plist.xml; path = Info.plist; sourceTree = "<group>"; };
		10A7DF161F585153004C4F61 /* DataManager.swift */ = {isa = PBXFileReference; fileEncoding = 4; lastKnownFileType = sourcecode.swift; path = DataManager.swift; sourceTree = "<group>"; };
		10A7DF181F58515C004C4F61 /* Style.swift */ = {isa = PBXFileReference; fileEncoding = 4; lastKnownFileType = sourcecode.swift; path = Style.swift; sourceTree = "<group>"; };
		10A7DF1E1F585321004C4F61 /* InstanceVC.swift */ = {isa = PBXFileReference; fileEncoding = 4; lastKnownFileType = sourcecode.swift; path = InstanceVC.swift; sourceTree = "<group>"; };
		10D06D441F70B7CF00646197 /* PopoverPresenterProtocol.swift */ = {isa = PBXFileReference; lastKnownFileType = sourcecode.swift; path = PopoverPresenterProtocol.swift; sourceTree = "<group>"; };
		10DABDEF1FB7354A00CFF19C /* It Happened-Bridging-Header.h */ = {isa = PBXFileReference; lastKnownFileType = sourcecode.c.h; path = "It Happened-Bridging-Header.h"; sourceTree = "<group>"; };
		10E2C7B31F732850002D1073 /* analogue_click1.wav */ = {isa = PBXFileReference; lastKnownFileType = audio.wav; path = analogue_click1.wav; sourceTree = "<group>"; };
		10E2C7B51F7328D5002D1073 /* techy_affirm.wav */ = {isa = PBXFileReference; lastKnownFileType = audio.wav; path = techy_affirm.wav; sourceTree = "<group>"; };
		10EA3EA51F7158AD00778ADF /* AudioPlayer.swift */ = {isa = PBXFileReference; lastKnownFileType = sourcecode.swift; path = AudioPlayer.swift; sourceTree = "<group>"; };
		10EDEE301FA0CCE40079091E /* TodayViewCell.swift */ = {isa = PBXFileReference; lastKnownFileType = sourcecode.swift; path = TodayViewCell.swift; sourceTree = "<group>"; };
		10F926CB1F585BB700D06941 /* Instance+CoreDataClass.swift */ = {isa = PBXFileReference; fileEncoding = 4; lastKnownFileType = sourcecode.swift; path = "Instance+CoreDataClass.swift"; sourceTree = "<group>"; };
		10F926CC1F585BB700D06941 /* Instance+CoreDataProperties.swift */ = {isa = PBXFileReference; fileEncoding = 4; lastKnownFileType = sourcecode.swift; path = "Instance+CoreDataProperties.swift"; sourceTree = "<group>"; };
		10F926CD1F585BB700D06941 /* Activity+CoreDataClass.swift */ = {isa = PBXFileReference; fileEncoding = 4; lastKnownFileType = sourcecode.swift; path = "Activity+CoreDataClass.swift"; sourceTree = "<group>"; };
		10F926CE1F585BB700D06941 /* Activity+CoreDataProperties.swift */ = {isa = PBXFileReference; fileEncoding = 4; lastKnownFileType = sourcecode.swift; path = "Activity+CoreDataProperties.swift"; sourceTree = "<group>"; };
		4D789A23A16887B21F69C8E6 /* Pods-It Happened.release.xcconfig */ = {isa = PBXFileReference; includeInIndex = 1; lastKnownFileType = text.xcconfig; name = "Pods-It Happened.release.xcconfig"; path = "Pods/Target Support Files/Pods-It Happened/Pods-It Happened.release.xcconfig"; sourceTree = "<group>"; };
		6ACEE88B9BD61F98CD7CF440 /* Pods-It Happened.debug.xcconfig */ = {isa = PBXFileReference; includeInIndex = 1; lastKnownFileType = text.xcconfig; name = "Pods-It Happened.debug.xcconfig"; path = "Pods/Target Support Files/Pods-It Happened/Pods-It Happened.debug.xcconfig"; sourceTree = "<group>"; };
		EBACC69CB3223D71835B0F20 /* Pods_It_Happened.framework */ = {isa = PBXFileReference; explicitFileType = wrapper.framework; includeInIndex = 0; path = Pods_It_Happened.framework; sourceTree = BUILT_PRODUCTS_DIR; };
/* End PBXFileReference section */

/* Begin PBXFrameworksBuildPhase section */
		1034A8E41F9A6F7F00174411 /* Frameworks */ = {
			isa = PBXFrameworksBuildPhase;
			buildActionMask = 2147483647;
			files = (
				1034A8E91F9A6F7F00174411 /* NotificationCenter.framework in Frameworks */,
			);
			runOnlyForDeploymentPostprocessing = 0;
		};
		10A7DEFB1F584CE7004C4F61 /* Frameworks */ = {
			isa = PBXFrameworksBuildPhase;
			buildActionMask = 2147483647;
			files = (
				90D82EEC2610914C2652C359 /* Pods_It_Happened.framework in Frameworks */,
			);
			runOnlyForDeploymentPostprocessing = 0;
		};
/* End PBXFrameworksBuildPhase section */

/* Begin PBXGroup section */
		1001B91B1F72A4F500B999C2 /* Sounds */ = {
			isa = PBXGroup;
			children = (
				1001B91C1F72A50300B999C2 /* analogue_click.wav */,
				10E2C7B31F732850002D1073 /* analogue_click1.wav */,
				1001B9221F72AAB900B999C2 /* click_alert.wav */,
				10E2C7B51F7328D5002D1073 /* techy_affirm.wav */,
				1001B91E1F72A88D00B999C2 /* retro_affirm.wav */,
				1001B9201F72A9F800B999C2 /* echo_affirm.wav */,
			);
			name = Sounds;
			sourceTree = "<group>";
		};
		1034A8EA1F9A6F7F00174411 /* todayWidget */ = {
			isa = PBXGroup;
			children = (
				1034A8FA1F9A72D500174411 /* todayWidget.entitlements */,
				1034A8EB1F9A6F7F00174411 /* TodayViewController.swift */,
				10EDEE301FA0CCE40079091E /* TodayViewCell.swift */,
				1034A8ED1F9A6F7F00174411 /* MainInterface.storyboard */,
				1034A8F01F9A6F7F00174411 /* Info.plist */,
			);
			path = todayWidget;
			sourceTree = "<group>";
		};
		10A7DEF51F584CE7004C4F61 = {
			isa = PBXGroup;
			children = (
				10DABDEF1FB7354A00CFF19C /* It Happened-Bridging-Header.h */,
				10A7DF001F584CE8004C4F61 /* It Happened */,
				1034A8EA1F9A6F7F00174411 /* todayWidget */,
				10A7DEFF1F584CE8004C4F61 /* Products */,
				4064E4BF06B90FF6E154ACCF /* Pods */,
				C98EFCF80C7E1B02C32E6C10 /* Frameworks */,
			);
			sourceTree = "<group>";
		};
		10A7DEFF1F584CE8004C4F61 /* Products */ = {
			isa = PBXGroup;
			children = (
				10A7DEFE1F584CE8004C4F61 /* It Happened.app */,
				1034A8E71F9A6F7F00174411 /* todayWidget.appex */,
			);
			name = Products;
			sourceTree = "<group>";
		};
		10A7DF001F584CE8004C4F61 /* It Happened */ = {
			isa = PBXGroup;
			children = (
				1034A8F91F9A729C00174411 /* It Happened.entitlements */,
				10A7DF011F584CE8004C4F61 /* AppDelegate.swift */,
				1001B91B1F72A4F500B999C2 /* Sounds */,
				10A7DF1B1F585172004C4F61 /* Model */,
				10A7DF1D1F58518C004C4F61 /* View */,
				10A7DF1A1F585169004C4F61 /* Controller */,
				10A7DF1C1F585181004C4F61 /* Util */,
				10A7DF051F584CE8004C4F61 /* Main.storyboard */,
				10A7DF0B1F584CE8004C4F61 /* Assets.xcassets */,
				10A7DF0D1F584CE8004C4F61 /* LaunchScreen.storyboard */,
				10A7DF101F584CE8004C4F61 /* Info.plist */,
			);
			path = "It Happened";
			sourceTree = "<group>";
		};
		10A7DF1A1F585169004C4F61 /* Controller */ = {
			isa = PBXGroup;
			children = (
				10A7DF031F584CE8004C4F61 /* ActivityVC.swift */,
				10A7DF1E1F585321004C4F61 /* InstanceVC.swift */,
				104463691F5B001600312E5A /* EditInstanceVC.swift */,
				101AE2471F61798B00F2EC17 /* DatePickerVC.swift */,
				1039AE941F6C182300218D5B /* NewActivityPopoverVC.swift */,
				10464D461F6D50D200AF1D27 /* DeleteConfirmationVC.swift */,
				105A759C1F96349F00903AC9 /* ActivityInfoVC.swift */,
			);
			name = Controller;
			sourceTree = "<group>";
		};
		10A7DF1B1F585172004C4F61 /* Model */ = {
			isa = PBXGroup;
			children = (
				10F926CB1F585BB700D06941 /* Instance+CoreDataClass.swift */,
				10F926CC1F585BB700D06941 /* Instance+CoreDataProperties.swift */,
				10F926CD1F585BB700D06941 /* Activity+CoreDataClass.swift */,
				10F926CE1F585BB700D06941 /* Activity+CoreDataProperties.swift */,
				1042BABC1F9E1FE800888169 /* It_Happened.xcdatamodeld */,
			);
			name = Model;
			sourceTree = "<group>";
		};
		10A7DF1C1F585181004C4F61 /* Util */ = {
			isa = PBXGroup;
			children = (
				102942B31F74AD700042F87B /* Settings.swift */,
				10A7DF161F585153004C4F61 /* DataManager.swift */,
				10A7DF181F58515C004C4F61 /* Style.swift */,
				105AD72B1F60204C00F36249 /* Extensions.swift */,
				101AE2491F617A7A00F2EC17 /* Delegates.swift */,
				10D06D441F70B7CF00646197 /* PopoverPresenterProtocol.swift */,
				10EA3EA51F7158AD00778ADF /* AudioPlayer.swift */,
				107F788D1F92373C00834CE0 /* Animations.swift */,
			);
			name = Util;
			sourceTree = "<group>";
		};
		10A7DF1D1F58518C004C4F61 /* View */ = {
			isa = PBXGroup;
			children = (
				1091DA261F59907D00BBD040 /* ActivityCell.swift */,
				104463671F5AF33D00312E5A /* InstanceCell.swift */,
				1044636B1F5B048800312E5A /* BaseButton.swift */,
				105AD72D1F6020D100F36249 /* ActivityTableView.swift */,
				106C3A7C1F647D2800E3D7F3 /* NewButton.swift */,
				1040F4941F65DBC700893F7D /* IncrementButton.swift */,
			);
			name = View;
			sourceTree = "<group>";
		};
		4064E4BF06B90FF6E154ACCF /* Pods */ = {
			isa = PBXGroup;
			children = (
				6ACEE88B9BD61F98CD7CF440 /* Pods-It Happened.debug.xcconfig */,
				4D789A23A16887B21F69C8E6 /* Pods-It Happened.release.xcconfig */,
			);
			name = Pods;
			sourceTree = "<group>";
		};
		C98EFCF80C7E1B02C32E6C10 /* Frameworks */ = {
			isa = PBXGroup;
			children = (
				EBACC69CB3223D71835B0F20 /* Pods_It_Happened.framework */,
				1034A8E81F9A6F7F00174411 /* NotificationCenter.framework */,
			);
			name = Frameworks;
			sourceTree = "<group>";
		};
/* End PBXGroup section */

/* Begin PBXNativeTarget section */
		1034A8E61F9A6F7F00174411 /* todayWidget */ = {
			isa = PBXNativeTarget;
			buildConfigurationList = 1034A8F61F9A6F7F00174411 /* Build configuration list for PBXNativeTarget "todayWidget" */;
			buildPhases = (
				1034A8E31F9A6F7F00174411 /* Sources */,
				1034A8E41F9A6F7F00174411 /* Frameworks */,
				1034A8E51F9A6F7F00174411 /* Resources */,
				101CD4D21FA6068E00555ADD /* Increment Build */,
			);
			buildRules = (
			);
			dependencies = (
			);
			name = todayWidget;
			productName = todayWidget;
			productReference = 1034A8E71F9A6F7F00174411 /* todayWidget.appex */;
			productType = "com.apple.product-type.app-extension";
		};
		10A7DEFD1F584CE7004C4F61 /* It Happened */ = {
			isa = PBXNativeTarget;
			buildConfigurationList = 10A7DF131F584CE8004C4F61 /* Build configuration list for PBXNativeTarget "It Happened" */;
			buildPhases = (
				D081F5907EA3157130D5207C /* [CP] Check Pods Manifest.lock */,
				10A7DEFA1F584CE7004C4F61 /* Sources */,
				10A7DEFB1F584CE7004C4F61 /* Frameworks */,
				10A7DEFC1F584CE7004C4F61 /* Resources */,
				8184EE90A7CD31AE29FA0BE1 /* [CP] Embed Pods Frameworks */,
				6F7F3ADC03F193AC1BFD8704 /* [CP] Copy Pods Resources */,
				10DD29091F8AE7FD00B16896 /* Increment Build */,
				1034A8F71F9A6F7F00174411 /* Embed App Extensions */,
			);
			buildRules = (
			);
			dependencies = (
				1034A8F21F9A6F7F00174411 /* PBXTargetDependency */,
			);
			name = "It Happened";
			productName = "It Happened";
			productReference = 10A7DEFE1F584CE8004C4F61 /* It Happened.app */;
			productType = "com.apple.product-type.application";
		};
/* End PBXNativeTarget section */

/* Begin PBXProject section */
		10A7DEF61F584CE7004C4F61 /* Project object */ = {
			isa = PBXProject;
			attributes = {
				LastSwiftUpdateCheck = 0900;
				LastUpgradeCheck = 0900;
				ORGANIZATIONNAME = "Drew Lanning";
				TargetAttributes = {
					1034A8E61F9A6F7F00174411 = {
						CreatedOnToolsVersion = 9.0;
						DevelopmentTeam = TFEDY5M56J;
						ProvisioningStyle = Automatic;
						SystemCapabilities = {
							com.apple.ApplicationGroups.iOS = {
								enabled = 1;
							};
						};
					};
					10A7DEFD1F584CE7004C4F61 = {
						CreatedOnToolsVersion = 8.3.3;
						DevelopmentTeam = TFEDY5M56J;
						LastSwiftMigration = 0900;
						ProvisioningStyle = Automatic;
						SystemCapabilities = {
							com.apple.ApplicationGroups.iOS = {
								enabled = 1;
							};
						};
					};
				};
			};
			buildConfigurationList = 10A7DEF91F584CE7004C4F61 /* Build configuration list for PBXProject "It Happened" */;
			compatibilityVersion = "Xcode 3.2";
			developmentRegion = English;
			hasScannedForEncodings = 0;
			knownRegions = (
				en,
				Base,
			);
			mainGroup = 10A7DEF51F584CE7004C4F61;
			productRefGroup = 10A7DEFF1F584CE8004C4F61 /* Products */;
			projectDirPath = "";
			projectRoot = "";
			targets = (
				10A7DEFD1F584CE7004C4F61 /* It Happened */,
				1034A8E61F9A6F7F00174411 /* todayWidget */,
			);
		};
/* End PBXProject section */

/* Begin PBXResourcesBuildPhase section */
		1034A8E51F9A6F7F00174411 /* Resources */ = {
			isa = PBXResourcesBuildPhase;
			buildActionMask = 2147483647;
			files = (
				10EDEE371FA152590079091E /* Assets.xcassets in Resources */,
				1034A8EF1F9A6F7F00174411 /* MainInterface.storyboard in Resources */,
			);
			runOnlyForDeploymentPostprocessing = 0;
		};
		10A7DEFC1F584CE7004C4F61 /* Resources */ = {
			isa = PBXResourcesBuildPhase;
			buildActionMask = 2147483647;
			files = (
				1001B9211F72A9FB00B999C2 /* echo_affirm.wav in Resources */,
				10A7DF0F1F584CE8004C4F61 /* LaunchScreen.storyboard in Resources */,
				10E2C7B41F732852002D1073 /* analogue_click1.wav in Resources */,
				1001B9241F72AAC800B999C2 /* click_alert.wav in Resources */,
				10A7DF0C1F584CE8004C4F61 /* Assets.xcassets in Resources */,
				10E2C7B61F7328D7002D1073 /* techy_affirm.wav in Resources */,
				10A7DF071F584CE8004C4F61 /* Main.storyboard in Resources */,
				1001B91D1F72A7F500B999C2 /* analogue_click.wav in Resources */,
				1001B91F1F72A89000B999C2 /* retro_affirm.wav in Resources */,
			);
			runOnlyForDeploymentPostprocessing = 0;
		};
/* End PBXResourcesBuildPhase section */

/* Begin PBXShellScriptBuildPhase section */
		101CD4D21FA6068E00555ADD /* Increment Build */ = {
			isa = PBXShellScriptBuildPhase;
			buildActionMask = 8;
			files = (
			);
			inputPaths = (
			);
			name = "Increment Build";
			outputPaths = (
			);
			runOnlyForDeploymentPostprocessing = 1;
			shellPath = /bin/sh;
			shellScript = "buildNumber=$(/usr/libexec/PlistBuddy -c \"Print CFBundleVersion\" \"${PROJECT_DIR}/${INFOPLIST_FILE}\")\nbuildNumber=$(($buildNumber + 1))\n/usr/libexec/PlistBuddy -c \"Set :CFBundleVersion $buildNumber\" \"${PROJECT_DIR}/${INFOPLIST_FILE}\"";
		};
		10DD29091F8AE7FD00B16896 /* Increment Build */ = {
			isa = PBXShellScriptBuildPhase;
			buildActionMask = 8;
			files = (
			);
			inputPaths = (
			);
			name = "Increment Build";
			outputPaths = (
			);
			runOnlyForDeploymentPostprocessing = 1;
			shellPath = /bin/sh;
			shellScript = "buildNumber=$(/usr/libexec/PlistBuddy -c \"Print CFBundleVersion\" \"${PROJECT_DIR}/${INFOPLIST_FILE}\")\nbuildNumber=$(($buildNumber + 1))\n/usr/libexec/PlistBuddy -c \"Set :CFBundleVersion $buildNumber\" \"${PROJECT_DIR}/${INFOPLIST_FILE}\"";
		};
		6F7F3ADC03F193AC1BFD8704 /* [CP] Copy Pods Resources */ = {
			isa = PBXShellScriptBuildPhase;
			buildActionMask = 2147483647;
			files = (
			);
			inputPaths = (
			);
			name = "[CP] Copy Pods Resources";
			outputPaths = (
			);
			runOnlyForDeploymentPostprocessing = 0;
			shellPath = /bin/sh;
			shellScript = "\"${SRCROOT}/Pods/Target Support Files/Pods-It Happened/Pods-It Happened-resources.sh\"\n";
			showEnvVarsInLog = 0;
		};
		8184EE90A7CD31AE29FA0BE1 /* [CP] Embed Pods Frameworks */ = {
			isa = PBXShellScriptBuildPhase;
			buildActionMask = 2147483647;
			files = (
			);
			inputPaths = (
				"${SRCROOT}/Pods/Target Support Files/Pods-It Happened/Pods-It Happened-frameworks.sh",
				"${BUILT_PRODUCTS_DIR}/ViewAnimator/ViewAnimator.framework",
			);
			name = "[CP] Embed Pods Frameworks";
			outputPaths = (
				"${TARGET_BUILD_DIR}/${FRAMEWORKS_FOLDER_PATH}/ViewAnimator.framework",
			);
			runOnlyForDeploymentPostprocessing = 0;
			shellPath = /bin/sh;
			shellScript = "\"${SRCROOT}/Pods/Target Support Files/Pods-It Happened/Pods-It Happened-frameworks.sh\"\n";
			showEnvVarsInLog = 0;
		};
		D081F5907EA3157130D5207C /* [CP] Check Pods Manifest.lock */ = {
			isa = PBXShellScriptBuildPhase;
			buildActionMask = 2147483647;
			files = (
			);
			inputPaths = (
				"${PODS_PODFILE_DIR_PATH}/Podfile.lock",
				"${PODS_ROOT}/Manifest.lock",
			);
			name = "[CP] Check Pods Manifest.lock";
			outputPaths = (
				"$(DERIVED_FILE_DIR)/Pods-It Happened-checkManifestLockResult.txt",
			);
			runOnlyForDeploymentPostprocessing = 0;
			shellPath = /bin/sh;
			shellScript = "diff \"${PODS_PODFILE_DIR_PATH}/Podfile.lock\" \"${PODS_ROOT}/Manifest.lock\" > /dev/null\nif [ $? != 0 ] ; then\n    # print error to STDERR\n    echo \"error: The sandbox is not in sync with the Podfile.lock. Run 'pod install' or update your CocoaPods installation.\" >&2\n    exit 1\nfi\n# This output is used by Xcode 'outputs' to avoid re-running this script phase.\necho \"SUCCESS\" > \"${SCRIPT_OUTPUT_FILE_0}\"\n";
			showEnvVarsInLog = 0;
		};
/* End PBXShellScriptBuildPhase section */

/* Begin PBXSourcesBuildPhase section */
		1034A8E31F9A6F7F00174411 /* Sources */ = {
			isa = PBXSourcesBuildPhase;
			buildActionMask = 2147483647;
			files = (
				1034A8FD1F9A736500174411 /* Instance+CoreDataProperties.swift in Sources */,
				10EDEE321FA0CE030079091E /* IncrementButton.swift in Sources */,
				1034A8FE1F9A736500174411 /* Activity+CoreDataClass.swift in Sources */,
				1034A8FF1F9A736500174411 /* Activity+CoreDataProperties.swift in Sources */,
				1034A8EC1F9A6F7F00174411 /* TodayViewController.swift in Sources */,
				1034A8FC1F9A736500174411 /* Instance+CoreDataClass.swift in Sources */,
				10EDEE351FA0DAC30079091E /* Settings.swift in Sources */,
				10D66C271FA4BABA005BAD03 /* It_Happened.xcdatamodeld in Sources */,
				10EDEE311FA0CCE40079091E /* TodayViewCell.swift in Sources */,
				1034A9001F9A737E00174411 /* Extensions.swift in Sources */,
				10EDEE361FA0DAD30079091E /* Style.swift in Sources */,
			);
			runOnlyForDeploymentPostprocessing = 0;
		};
		10A7DEFA1F584CE7004C4F61 /* Sources */ = {
			isa = PBXSourcesBuildPhase;
			buildActionMask = 2147483647;
			files = (
				1091DA271F59907D00BBD040 /* ActivityCell.swift in Sources */,
				105A759D1F96349F00903AC9 /* ActivityInfoVC.swift in Sources */,
				10A7DF041F584CE8004C4F61 /* ActivityVC.swift in Sources */,
				105AD72E1F6020D100F36249 /* ActivityTableView.swift in Sources */,
				10A7DF1F1F585321004C4F61 /* InstanceVC.swift in Sources */,
				10D06D451F70B7CF00646197 /* PopoverPresenterProtocol.swift in Sources */,
				10F926D21F585BB700D06941 /* Activity+CoreDataProperties.swift in Sources */,
				1040F4951F65DBC700893F7D /* IncrementButton.swift in Sources */,
				1034A8F81F9A712400174411 /* TodayViewController.swift in Sources */,
				10A7DF191F58515C004C4F61 /* Style.swift in Sources */,
				10A7DF171F585153004C4F61 /* DataManager.swift in Sources */,
				102942B41F74AD700042F87B /* Settings.swift in Sources */,
				10F926D11F585BB700D06941 /* Activity+CoreDataClass.swift in Sources */,
				10F926D01F585BB700D06941 /* Instance+CoreDataProperties.swift in Sources */,
				10EA3EA61F7158AD00778ADF /* AudioPlayer.swift in Sources */,
				10464D471F6D50D200AF1D27 /* DeleteConfirmationVC.swift in Sources */,
				10F926CF1F585BB700D06941 /* Instance+CoreDataClass.swift in Sources */,
				10A7DF021F584CE8004C4F61 /* AppDelegate.swift in Sources */,
				105AD72C1F60204C00F36249 /* Extensions.swift in Sources */,
				106C3A7D1F647D2800E3D7F3 /* NewButton.swift in Sources */,
				1044636C1F5B048800312E5A /* BaseButton.swift in Sources */,
				1042BABE1F9E1FE800888169 /* It_Happened.xcdatamodeld in Sources */,
				10EDEE331FA0CEAB0079091E /* TodayViewCell.swift in Sources */,
				104463681F5AF33D00312E5A /* InstanceCell.swift in Sources */,
				107F788E1F92373C00834CE0 /* Animations.swift in Sources */,
				1044636A1F5B001600312E5A /* EditInstanceVC.swift in Sources */,
				1039AE951F6C182300218D5B /* NewActivityPopoverVC.swift in Sources */,
				101AE24A1F617A7A00F2EC17 /* Delegates.swift in Sources */,
				101AE2481F61798B00F2EC17 /* DatePickerVC.swift in Sources */,
			);
			runOnlyForDeploymentPostprocessing = 0;
		};
/* End PBXSourcesBuildPhase section */

/* Begin PBXTargetDependency section */
		1034A8F21F9A6F7F00174411 /* PBXTargetDependency */ = {
			isa = PBXTargetDependency;
			target = 1034A8E61F9A6F7F00174411 /* todayWidget */;
			targetProxy = 1034A8F11F9A6F7F00174411 /* PBXContainerItemProxy */;
		};
/* End PBXTargetDependency section */

/* Begin PBXVariantGroup section */
		1034A8ED1F9A6F7F00174411 /* MainInterface.storyboard */ = {
			isa = PBXVariantGroup;
			children = (
				1034A8EE1F9A6F7F00174411 /* Base */,
			);
			name = MainInterface.storyboard;
			sourceTree = "<group>";
		};
		10A7DF051F584CE8004C4F61 /* Main.storyboard */ = {
			isa = PBXVariantGroup;
			children = (
				10A7DF061F584CE8004C4F61 /* Base */,
			);
			name = Main.storyboard;
			sourceTree = "<group>";
		};
		10A7DF0D1F584CE8004C4F61 /* LaunchScreen.storyboard */ = {
			isa = PBXVariantGroup;
			children = (
				10A7DF0E1F584CE8004C4F61 /* Base */,
			);
			name = LaunchScreen.storyboard;
			sourceTree = "<group>";
		};
/* End PBXVariantGroup section */

/* Begin XCBuildConfiguration section */
		1034A8F41F9A6F7F00174411 /* Debug */ = {
			isa = XCBuildConfiguration;
			buildSettings = {
				CLANG_CXX_LANGUAGE_STANDARD = "gnu++14";
				CLANG_WARN_UNGUARDED_AVAILABILITY = YES_AGGRESSIVE;
				CODE_SIGN_ENTITLEMENTS = todayWidget/todayWidget.entitlements;
				CODE_SIGN_IDENTITY = "iPhone Developer";
				CODE_SIGN_STYLE = Automatic;
				DEVELOPMENT_TEAM = TFEDY5M56J;
				GCC_C_LANGUAGE_STANDARD = gnu11;
				INFOPLIST_FILE = todayWidget/Info.plist;
				LD_RUNPATH_SEARCH_PATHS = "$(inherited) @executable_path/Frameworks @executable_path/../../Frameworks";
				PRODUCT_BUNDLE_IDENTIFIER = "com.drewlanning.It-Happened.todayWidget";
				PRODUCT_NAME = "$(TARGET_NAME)";
				SKIP_INSTALL = YES;
				SWIFT_VERSION = 4.0;
				TARGETED_DEVICE_FAMILY = "1,2";
			};
			name = Debug;
		};
		1034A8F51F9A6F7F00174411 /* Release */ = {
			isa = XCBuildConfiguration;
			buildSettings = {
				CLANG_CXX_LANGUAGE_STANDARD = "gnu++14";
				CLANG_WARN_UNGUARDED_AVAILABILITY = YES_AGGRESSIVE;
				CODE_SIGN_ENTITLEMENTS = todayWidget/todayWidget.entitlements;
				CODE_SIGN_IDENTITY = "iPhone Developer";
				CODE_SIGN_STYLE = Automatic;
				DEVELOPMENT_TEAM = TFEDY5M56J;
				GCC_C_LANGUAGE_STANDARD = gnu11;
				INFOPLIST_FILE = todayWidget/Info.plist;
				LD_RUNPATH_SEARCH_PATHS = "$(inherited) @executable_path/Frameworks @executable_path/../../Frameworks";
				PRODUCT_BUNDLE_IDENTIFIER = "com.drewlanning.It-Happened.todayWidget";
				PRODUCT_NAME = "$(TARGET_NAME)";
				SKIP_INSTALL = YES;
				SWIFT_VERSION = 4.0;
				TARGETED_DEVICE_FAMILY = "1,2";
			};
			name = Release;
		};
		10A7DF111F584CE8004C4F61 /* Debug */ = {
			isa = XCBuildConfiguration;
			buildSettings = {
				ALWAYS_SEARCH_USER_PATHS = NO;
				CLANG_ANALYZER_NONNULL = YES;
				CLANG_ANALYZER_NUMBER_OBJECT_CONVERSION = YES_AGGRESSIVE;
				CLANG_CXX_LANGUAGE_STANDARD = "gnu++0x";
				CLANG_CXX_LIBRARY = "libc++";
				CLANG_ENABLE_MODULES = YES;
				CLANG_ENABLE_OBJC_ARC = YES;
				CLANG_WARN_BLOCK_CAPTURE_AUTORELEASING = YES;
				CLANG_WARN_BOOL_CONVERSION = YES;
				CLANG_WARN_COMMA = YES;
				CLANG_WARN_CONSTANT_CONVERSION = YES;
				CLANG_WARN_DIRECT_OBJC_ISA_USAGE = YES_ERROR;
				CLANG_WARN_DOCUMENTATION_COMMENTS = YES;
				CLANG_WARN_EMPTY_BODY = YES;
				CLANG_WARN_ENUM_CONVERSION = YES;
				CLANG_WARN_INFINITE_RECURSION = YES;
				CLANG_WARN_INT_CONVERSION = YES;
				CLANG_WARN_NON_LITERAL_NULL_CONVERSION = YES;
				CLANG_WARN_OBJC_LITERAL_CONVERSION = YES;
				CLANG_WARN_OBJC_ROOT_CLASS = YES_ERROR;
				CLANG_WARN_RANGE_LOOP_ANALYSIS = YES;
				CLANG_WARN_STRICT_PROTOTYPES = YES;
				CLANG_WARN_SUSPICIOUS_MOVE = YES;
				CLANG_WARN_UNREACHABLE_CODE = YES;
				CLANG_WARN__DUPLICATE_METHOD_MATCH = YES;
				"CODE_SIGN_IDENTITY[sdk=iphoneos*]" = "iPhone Developer";
				COPY_PHASE_STRIP = NO;
				DEBUG_INFORMATION_FORMAT = dwarf;
				ENABLE_STRICT_OBJC_MSGSEND = YES;
				ENABLE_TESTABILITY = YES;
				GCC_C_LANGUAGE_STANDARD = gnu99;
				GCC_DYNAMIC_NO_PIC = NO;
				GCC_NO_COMMON_BLOCKS = YES;
				GCC_OPTIMIZATION_LEVEL = 0;
				GCC_PREPROCESSOR_DEFINITIONS = (
					"DEBUG=1",
					"$(inherited)",
				);
				GCC_WARN_64_TO_32_BIT_CONVERSION = YES;
				GCC_WARN_ABOUT_RETURN_TYPE = YES_ERROR;
				GCC_WARN_UNDECLARED_SELECTOR = YES;
				GCC_WARN_UNINITIALIZED_AUTOS = YES_AGGRESSIVE;
				GCC_WARN_UNUSED_FUNCTION = YES;
				GCC_WARN_UNUSED_VARIABLE = YES;
				IPHONEOS_DEPLOYMENT_TARGET = 11.0;
				MTL_ENABLE_DEBUG_INFO = YES;
				ONLY_ACTIVE_ARCH = YES;
				SDKROOT = iphoneos;
				SWIFT_ACTIVE_COMPILATION_CONDITIONS = DEBUG;
				SWIFT_OPTIMIZATION_LEVEL = "-Onone";
				TARGETED_DEVICE_FAMILY = "1,2";
			};
			name = Debug;
		};
		10A7DF121F584CE8004C4F61 /* Release */ = {
			isa = XCBuildConfiguration;
			buildSettings = {
				ALWAYS_SEARCH_USER_PATHS = NO;
				CLANG_ANALYZER_NONNULL = YES;
				CLANG_ANALYZER_NUMBER_OBJECT_CONVERSION = YES_AGGRESSIVE;
				CLANG_CXX_LANGUAGE_STANDARD = "gnu++0x";
				CLANG_CXX_LIBRARY = "libc++";
				CLANG_ENABLE_MODULES = YES;
				CLANG_ENABLE_OBJC_ARC = YES;
				CLANG_WARN_BLOCK_CAPTURE_AUTORELEASING = YES;
				CLANG_WARN_BOOL_CONVERSION = YES;
				CLANG_WARN_COMMA = YES;
				CLANG_WARN_CONSTANT_CONVERSION = YES;
				CLANG_WARN_DIRECT_OBJC_ISA_USAGE = YES_ERROR;
				CLANG_WARN_DOCUMENTATION_COMMENTS = YES;
				CLANG_WARN_EMPTY_BODY = YES;
				CLANG_WARN_ENUM_CONVERSION = YES;
				CLANG_WARN_INFINITE_RECURSION = YES;
				CLANG_WARN_INT_CONVERSION = YES;
				CLANG_WARN_NON_LITERAL_NULL_CONVERSION = YES;
				CLANG_WARN_OBJC_LITERAL_CONVERSION = YES;
				CLANG_WARN_OBJC_ROOT_CLASS = YES_ERROR;
				CLANG_WARN_RANGE_LOOP_ANALYSIS = YES;
				CLANG_WARN_STRICT_PROTOTYPES = YES;
				CLANG_WARN_SUSPICIOUS_MOVE = YES;
				CLANG_WARN_UNREACHABLE_CODE = YES;
				CLANG_WARN__DUPLICATE_METHOD_MATCH = YES;
				"CODE_SIGN_IDENTITY[sdk=iphoneos*]" = "iPhone Developer";
				COPY_PHASE_STRIP = NO;
				DEBUG_INFORMATION_FORMAT = "dwarf-with-dsym";
				ENABLE_NS_ASSERTIONS = NO;
				ENABLE_STRICT_OBJC_MSGSEND = YES;
				GCC_C_LANGUAGE_STANDARD = gnu99;
				GCC_NO_COMMON_BLOCKS = YES;
				GCC_WARN_64_TO_32_BIT_CONVERSION = YES;
				GCC_WARN_ABOUT_RETURN_TYPE = YES_ERROR;
				GCC_WARN_UNDECLARED_SELECTOR = YES;
				GCC_WARN_UNINITIALIZED_AUTOS = YES_AGGRESSIVE;
				GCC_WARN_UNUSED_FUNCTION = YES;
				GCC_WARN_UNUSED_VARIABLE = YES;
				IPHONEOS_DEPLOYMENT_TARGET = 11.0;
				MTL_ENABLE_DEBUG_INFO = NO;
				SDKROOT = iphoneos;
				SWIFT_OPTIMIZATION_LEVEL = "-Owholemodule";
				TARGETED_DEVICE_FAMILY = "1,2";
				VALIDATE_PRODUCT = YES;
			};
			name = Release;
		};
		10A7DF141F584CE8004C4F61 /* Debug */ = {
			isa = XCBuildConfiguration;
			baseConfigurationReference = 6ACEE88B9BD61F98CD7CF440 /* Pods-It Happened.debug.xcconfig */;
			buildSettings = {
				ASSETCATALOG_COMPILER_APPICON_NAME = AppIcon;
				CLANG_ENABLE_MODULES = YES;
				CODE_SIGN_ENTITLEMENTS = "It Happened/It Happened.entitlements";
				CODE_SIGN_IDENTITY = "iPhone Developer";
				DEVELOPMENT_TEAM = TFEDY5M56J;
				INFOPLIST_FILE = "It Happened/Info.plist";
				LD_RUNPATH_SEARCH_PATHS = "$(inherited) @executable_path/Frameworks";
				PRODUCT_BUNDLE_IDENTIFIER = "com.drewlanning.It-Happened";
				PRODUCT_NAME = "$(TARGET_NAME)";
				SWIFT_OBJC_BRIDGING_HEADER = "It Happened-Bridging-Header.h";
				SWIFT_OPTIMIZATION_LEVEL = "-Onone";
				SWIFT_SWIFT3_OBJC_INFERENCE = Default;
				SWIFT_VERSION = 4.0;
				TARGETED_DEVICE_FAMILY = 1;
			};
			name = Debug;
		};
		10A7DF151F584CE8004C4F61 /* Release */ = {
			isa = XCBuildConfiguration;
			baseConfigurationReference = 4D789A23A16887B21F69C8E6 /* Pods-It Happened.release.xcconfig */;
			buildSettings = {
				ASSETCATALOG_COMPILER_APPICON_NAME = AppIcon;
				CLANG_ENABLE_MODULES = YES;
				CODE_SIGN_ENTITLEMENTS = "It Happened/It Happened.entitlements";
				CODE_SIGN_IDENTITY = "iPhone Developer";
				DEVELOPMENT_TEAM = TFEDY5M56J;
				INFOPLIST_FILE = "It Happened/Info.plist";
				LD_RUNPATH_SEARCH_PATHS = "$(inherited) @executable_path/Frameworks";
				PRODUCT_BUNDLE_IDENTIFIER = "com.drewlanning.It-Happened";
				PRODUCT_NAME = "$(TARGET_NAME)";
				SWIFT_OBJC_BRIDGING_HEADER = "It Happened-Bridging-Header.h";
				SWIFT_SWIFT3_OBJC_INFERENCE = Default;
				SWIFT_VERSION = 4.0;
				TARGETED_DEVICE_FAMILY = 1;
			};
			name = Release;
		};
/* End XCBuildConfiguration section */

/* Begin XCConfigurationList section */
		1034A8F61F9A6F7F00174411 /* Build configuration list for PBXNativeTarget "todayWidget" */ = {
			isa = XCConfigurationList;
			buildConfigurations = (
				1034A8F41F9A6F7F00174411 /* Debug */,
				1034A8F51F9A6F7F00174411 /* Release */,
			);
			defaultConfigurationIsVisible = 0;
			defaultConfigurationName = Release;
		};
		10A7DEF91F584CE7004C4F61 /* Build configuration list for PBXProject "It Happened" */ = {
			isa = XCConfigurationList;
			buildConfigurations = (
				10A7DF111F584CE8004C4F61 /* Debug */,
				10A7DF121F584CE8004C4F61 /* Release */,
			);
			defaultConfigurationIsVisible = 0;
			defaultConfigurationName = Release;
		};
		10A7DF131F584CE8004C4F61 /* Build configuration list for PBXNativeTarget "It Happened" */ = {
			isa = XCConfigurationList;
			buildConfigurations = (
				10A7DF141F584CE8004C4F61 /* Debug */,
				10A7DF151F584CE8004C4F61 /* Release */,
			);
			defaultConfigurationIsVisible = 0;
			defaultConfigurationName = Release;
		};
/* End XCConfigurationList section */

/* Begin XCVersionGroup section */
		1042BABC1F9E1FE800888169 /* It_Happened.xcdatamodeld */ = {
			isa = XCVersionGroup;
			children = (
				1042BABD1F9E1FE800888169 /* It_Happened.xcdatamodel */,
			);
			currentVersion = 1042BABD1F9E1FE800888169 /* It_Happened.xcdatamodel */;
			path = It_Happened.xcdatamodeld;
			sourceTree = "<group>";
			versionGroupType = wrapper.xcdatamodel;
		};
/* End XCVersionGroup section */
	};
	rootObject = 10A7DEF61F584CE7004C4F61 /* Project object */;
}
