// !$*UTF8*$!
{
	archiveVersion = 1;
	classes = {
	};
	objectVersion = 46;
	objects = {

/* Begin PBXBuildFile section */
		101AE2481F61798B00F2EC17 /* DatePickerVC.swift in Sources */ = {isa = PBXBuildFile; fileRef = 101AE2471F61798B00F2EC17 /* DatePickerVC.swift */; };
		101AE24A1F617A7A00F2EC17 /* Delegates.swift in Sources */ = {isa = PBXBuildFile; fileRef = 101AE2491F617A7A00F2EC17 /* Delegates.swift */; };
		1040F4951F65DBC700893F7D /* IncrementButton.swift in Sources */ = {isa = PBXBuildFile; fileRef = 1040F4941F65DBC700893F7D /* IncrementButton.swift */; };
		104463681F5AF33D00312E5A /* InstanceCell.swift in Sources */ = {isa = PBXBuildFile; fileRef = 104463671F5AF33D00312E5A /* InstanceCell.swift */; };
		1044636A1F5B001600312E5A /* EditInstanceVC.swift in Sources */ = {isa = PBXBuildFile; fileRef = 104463691F5B001600312E5A /* EditInstanceVC.swift */; };
		1044636C1F5B048800312E5A /* BaseButton.swift in Sources */ = {isa = PBXBuildFile; fileRef = 1044636B1F5B048800312E5A /* BaseButton.swift */; };
		105AD72C1F60204C00F36249 /* Extensions.swift in Sources */ = {isa = PBXBuildFile; fileRef = 105AD72B1F60204C00F36249 /* Extensions.swift */; };
		105AD72E1F6020D100F36249 /* ActivityTableView.swift in Sources */ = {isa = PBXBuildFile; fileRef = 105AD72D1F6020D100F36249 /* ActivityTableView.swift */; };
		106C3A7D1F647D2800E3D7F3 /* NewButton.swift in Sources */ = {isa = PBXBuildFile; fileRef = 106C3A7C1F647D2800E3D7F3 /* NewButton.swift */; };
		1091DA271F59907D00BBD040 /* ActivityCell.swift in Sources */ = {isa = PBXBuildFile; fileRef = 1091DA261F59907D00BBD040 /* ActivityCell.swift */; };
		10A7DF021F584CE8004C4F61 /* AppDelegate.swift in Sources */ = {isa = PBXBuildFile; fileRef = 10A7DF011F584CE8004C4F61 /* AppDelegate.swift */; };
		10A7DF041F584CE8004C4F61 /* ActivityVC.swift in Sources */ = {isa = PBXBuildFile; fileRef = 10A7DF031F584CE8004C4F61 /* ActivityVC.swift */; };
		10A7DF071F584CE8004C4F61 /* Main.storyboard in Resources */ = {isa = PBXBuildFile; fileRef = 10A7DF051F584CE8004C4F61 /* Main.storyboard */; };
		10A7DF0A1F584CE8004C4F61 /* It_Happened.xcdatamodeld in Sources */ = {isa = PBXBuildFile; fileRef = 10A7DF081F584CE8004C4F61 /* It_Happened.xcdatamodeld */; };
		10A7DF0C1F584CE8004C4F61 /* Assets.xcassets in Resources */ = {isa = PBXBuildFile; fileRef = 10A7DF0B1F584CE8004C4F61 /* Assets.xcassets */; };
		10A7DF0F1F584CE8004C4F61 /* LaunchScreen.storyboard in Resources */ = {isa = PBXBuildFile; fileRef = 10A7DF0D1F584CE8004C4F61 /* LaunchScreen.storyboard */; };
		10A7DF171F585153004C4F61 /* DataManager.swift in Sources */ = {isa = PBXBuildFile; fileRef = 10A7DF161F585153004C4F61 /* DataManager.swift */; };
		10A7DF191F58515C004C4F61 /* Style.swift in Sources */ = {isa = PBXBuildFile; fileRef = 10A7DF181F58515C004C4F61 /* Style.swift */; };
		10A7DF1F1F585321004C4F61 /* InstanceVC.swift in Sources */ = {isa = PBXBuildFile; fileRef = 10A7DF1E1F585321004C4F61 /* InstanceVC.swift */; };
		10F926CF1F585BB700D06941 /* Instance+CoreDataClass.swift in Sources */ = {isa = PBXBuildFile; fileRef = 10F926CB1F585BB700D06941 /* Instance+CoreDataClass.swift */; };
		10F926D01F585BB700D06941 /* Instance+CoreDataProperties.swift in Sources */ = {isa = PBXBuildFile; fileRef = 10F926CC1F585BB700D06941 /* Instance+CoreDataProperties.swift */; };
		10F926D11F585BB700D06941 /* Activity+CoreDataClass.swift in Sources */ = {isa = PBXBuildFile; fileRef = 10F926CD1F585BB700D06941 /* Activity+CoreDataClass.swift */; };
		10F926D21F585BB700D06941 /* Activity+CoreDataProperties.swift in Sources */ = {isa = PBXBuildFile; fileRef = 10F926CE1F585BB700D06941 /* Activity+CoreDataProperties.swift */; };
/* End PBXBuildFile section */

/* Begin PBXFileReference section */
		101AE2471F61798B00F2EC17 /* DatePickerVC.swift */ = {isa = PBXFileReference; fileEncoding = 4; lastKnownFileType = sourcecode.swift; path = DatePickerVC.swift; sourceTree = "<group>"; };
		101AE2491F617A7A00F2EC17 /* Delegates.swift */ = {isa = PBXFileReference; fileEncoding = 4; lastKnownFileType = sourcecode.swift; path = Delegates.swift; sourceTree = "<group>"; };
		1040F4941F65DBC700893F7D /* IncrementButton.swift */ = {isa = PBXFileReference; fileEncoding = 4; lastKnownFileType = sourcecode.swift; path = IncrementButton.swift; sourceTree = "<group>"; };
		104463671F5AF33D00312E5A /* InstanceCell.swift */ = {isa = PBXFileReference; fileEncoding = 4; lastKnownFileType = sourcecode.swift; path = InstanceCell.swift; sourceTree = "<group>"; };
		104463691F5B001600312E5A /* EditInstanceVC.swift */ = {isa = PBXFileReference; fileEncoding = 4; lastKnownFileType = sourcecode.swift; path = EditInstanceVC.swift; sourceTree = "<group>"; };
		1044636B1F5B048800312E5A /* BaseButton.swift */ = {isa = PBXFileReference; fileEncoding = 4; lastKnownFileType = sourcecode.swift; path = BaseButton.swift; sourceTree = "<group>"; };
		105AD72B1F60204C00F36249 /* Extensions.swift */ = {isa = PBXFileReference; fileEncoding = 4; lastKnownFileType = sourcecode.swift; path = Extensions.swift; sourceTree = "<group>"; };
		105AD72D1F6020D100F36249 /* ActivityTableView.swift */ = {isa = PBXFileReference; fileEncoding = 4; lastKnownFileType = sourcecode.swift; path = ActivityTableView.swift; sourceTree = "<group>"; };
		106C3A7C1F647D2800E3D7F3 /* NewButton.swift */ = {isa = PBXFileReference; fileEncoding = 4; lastKnownFileType = sourcecode.swift; path = NewButton.swift; sourceTree = "<group>"; };
		1091DA261F59907D00BBD040 /* ActivityCell.swift */ = {isa = PBXFileReference; fileEncoding = 4; lastKnownFileType = sourcecode.swift; path = ActivityCell.swift; sourceTree = "<group>"; };
		10A7DEFE1F584CE8004C4F61 /* It Happened.app */ = {isa = PBXFileReference; explicitFileType = wrapper.application; includeInIndex = 0; path = "It Happened.app"; sourceTree = BUILT_PRODUCTS_DIR; };
		10A7DF011F584CE8004C4F61 /* AppDelegate.swift */ = {isa = PBXFileReference; lastKnownFileType = sourcecode.swift; path = AppDelegate.swift; sourceTree = "<group>"; };
		10A7DF031F584CE8004C4F61 /* ActivityVC.swift */ = {isa = PBXFileReference; lastKnownFileType = sourcecode.swift; path = ActivityVC.swift; sourceTree = "<group>"; };
		10A7DF061F584CE8004C4F61 /* Base */ = {isa = PBXFileReference; lastKnownFileType = file.storyboard; name = Base; path = Base.lproj/Main.storyboard; sourceTree = "<group>"; };
		10A7DF091F584CE8004C4F61 /* It_Happened.xcdatamodel */ = {isa = PBXFileReference; lastKnownFileType = wrapper.xcdatamodel; path = It_Happened.xcdatamodel; sourceTree = "<group>"; };
		10A7DF0B1F584CE8004C4F61 /* Assets.xcassets */ = {isa = PBXFileReference; lastKnownFileType = folder.assetcatalog; path = Assets.xcassets; sourceTree = "<group>"; };
		10A7DF0E1F584CE8004C4F61 /* Base */ = {isa = PBXFileReference; lastKnownFileType = file.storyboard; name = Base; path = Base.lproj/LaunchScreen.storyboard; sourceTree = "<group>"; };
		10A7DF101F584CE8004C4F61 /* Info.plist */ = {isa = PBXFileReference; lastKnownFileType = text.plist.xml; path = Info.plist; sourceTree = "<group>"; };
		10A7DF161F585153004C4F61 /* DataManager.swift */ = {isa = PBXFileReference; fileEncoding = 4; lastKnownFileType = sourcecode.swift; path = DataManager.swift; sourceTree = "<group>"; };
		10A7DF181F58515C004C4F61 /* Style.swift */ = {isa = PBXFileReference; fileEncoding = 4; lastKnownFileType = sourcecode.swift; path = Style.swift; sourceTree = "<group>"; };
		10A7DF1E1F585321004C4F61 /* InstanceVC.swift */ = {isa = PBXFileReference; fileEncoding = 4; lastKnownFileType = sourcecode.swift; path = InstanceVC.swift; sourceTree = "<group>"; };
		10F926CB1F585BB700D06941 /* Instance+CoreDataClass.swift */ = {isa = PBXFileReference; fileEncoding = 4; lastKnownFileType = sourcecode.swift; path = "Instance+CoreDataClass.swift"; sourceTree = "<group>"; };
		10F926CC1F585BB700D06941 /* Instance+CoreDataProperties.swift */ = {isa = PBXFileReference; fileEncoding = 4; lastKnownFileType = sourcecode.swift; path = "Instance+CoreDataProperties.swift"; sourceTree = "<group>"; };
		10F926CD1F585BB700D06941 /* Activity+CoreDataClass.swift */ = {isa = PBXFileReference; fileEncoding = 4; lastKnownFileType = sourcecode.swift; path = "Activity+CoreDataClass.swift"; sourceTree = "<group>"; };
		10F926CE1F585BB700D06941 /* Activity+CoreDataProperties.swift */ = {isa = PBXFileReference; fileEncoding = 4; lastKnownFileType = sourcecode.swift; path = "Activity+CoreDataProperties.swift"; sourceTree = "<group>"; };
/* End PBXFileReference section */

/* Begin PBXFrameworksBuildPhase section */
		10A7DEFB1F584CE7004C4F61 /* Frameworks */ = {
			isa = PBXFrameworksBuildPhase;
			buildActionMask = 2147483647;
			files = (
			);
			runOnlyForDeploymentPostprocessing = 0;
		};
/* End PBXFrameworksBuildPhase section */

/* Begin PBXGroup section */
		10A7DEF51F584CE7004C4F61 = {
			isa = PBXGroup;
			children = (
				10A7DF001F584CE8004C4F61 /* It Happened */,
				10A7DEFF1F584CE8004C4F61 /* Products */,
			);
			sourceTree = "<group>";
		};
		10A7DEFF1F584CE8004C4F61 /* Products */ = {
			isa = PBXGroup;
			children = (
				10A7DEFE1F584CE8004C4F61 /* It Happened.app */,
			);
			name = Products;
			sourceTree = "<group>";
		};
		10A7DF001F584CE8004C4F61 /* It Happened */ = {
			isa = PBXGroup;
			children = (
				10A7DF011F584CE8004C4F61 /* AppDelegate.swift */,
				10A7DF1B1F585172004C4F61 /* Model */,
				10A7DF1D1F58518C004C4F61 /* View */,
				10A7DF1A1F585169004C4F61 /* Controller */,
				10A7DF1C1F585181004C4F61 /* Util */,
				10A7DF051F584CE8004C4F61 /* Main.storyboard */,
				10A7DF0B1F584CE8004C4F61 /* Assets.xcassets */,
				10A7DF0D1F584CE8004C4F61 /* LaunchScreen.storyboard */,
				10A7DF101F584CE8004C4F61 /* Info.plist */,
			);
			path = "It Happened";
			sourceTree = "<group>";
		};
		10A7DF1A1F585169004C4F61 /* Controller */ = {
			isa = PBXGroup;
			children = (
				10A7DF031F584CE8004C4F61 /* ActivityVC.swift */,
				10A7DF1E1F585321004C4F61 /* InstanceVC.swift */,
				104463691F5B001600312E5A /* EditInstanceVC.swift */,
				101AE2471F61798B00F2EC17 /* DatePickerVC.swift */,
			);
			name = Controller;
			sourceTree = "<group>";
		};
		10A7DF1B1F585172004C4F61 /* Model */ = {
			isa = PBXGroup;
			children = (
				10F926CB1F585BB700D06941 /* Instance+CoreDataClass.swift */,
				10F926CC1F585BB700D06941 /* Instance+CoreDataProperties.swift */,
				10F926CD1F585BB700D06941 /* Activity+CoreDataClass.swift */,
				10F926CE1F585BB700D06941 /* Activity+CoreDataProperties.swift */,
				10A7DF081F584CE8004C4F61 /* It_Happened.xcdatamodeld */,
			);
			name = Model;
			sourceTree = "<group>";
		};
		10A7DF1C1F585181004C4F61 /* Util */ = {
			isa = PBXGroup;
			children = (
				10A7DF161F585153004C4F61 /* DataManager.swift */,
				10A7DF181F58515C004C4F61 /* Style.swift */,
				105AD72B1F60204C00F36249 /* Extensions.swift */,
				101AE2491F617A7A00F2EC17 /* Delegates.swift */,
			);
			name = Util;
			sourceTree = "<group>";
		};
		10A7DF1D1F58518C004C4F61 /* View */ = {
			isa = PBXGroup;
			children = (
				1091DA261F59907D00BBD040 /* ActivityCell.swift */,
				104463671F5AF33D00312E5A /* InstanceCell.swift */,
				1044636B1F5B048800312E5A /* BaseButton.swift */,
				105AD72D1F6020D100F36249 /* ActivityTableView.swift */,
				106C3A7C1F647D2800E3D7F3 /* NewButton.swift */,
				1040F4941F65DBC700893F7D /* IncrementButton.swift */,
			);
			name = View;
			sourceTree = "<group>";
		};
/* End PBXGroup section */

/* Begin PBXNativeTarget section */
		10A7DEFD1F584CE7004C4F61 /* It Happened */ = {
			isa = PBXNativeTarget;
			buildConfigurationList = 10A7DF131F584CE8004C4F61 /* Build configuration list for PBXNativeTarget "It Happened" */;
			buildPhases = (
				10A7DEFA1F584CE7004C4F61 /* Sources */,
				10A7DEFB1F584CE7004C4F61 /* Frameworks */,
				10A7DEFC1F584CE7004C4F61 /* Resources */,
			);
			buildRules = (
			);
			dependencies = (
			);
			name = "It Happened";
			productName = "It Happened";
			productReference = 10A7DEFE1F584CE8004C4F61 /* It Happened.app */;
			productType = "com.apple.product-type.application";
		};
/* End PBXNativeTarget section */

/* Begin PBXProject section */
		10A7DEF61F584CE7004C4F61 /* Project object */ = {
			isa = PBXProject;
			attributes = {
				LastSwiftUpdateCheck = 0830;
				LastUpgradeCheck = 0900;
				ORGANIZATIONNAME = "Drew Lanning";
				TargetAttributes = {
					10A7DEFD1F584CE7004C4F61 = {
						CreatedOnToolsVersion = 8.3.3;
						DevelopmentTeam = TFEDY5M56J;
						LastSwiftMigration = 0900;
						ProvisioningStyle = Automatic;
					};
				};
			};
			buildConfigurationList = 10A7DEF91F584CE7004C4F61 /* Build configuration list for PBXProject "It Happened" */;
			compatibilityVersion = "Xcode 3.2";
			developmentRegion = English;
			hasScannedForEncodings = 0;
			knownRegions = (
				en,
				Base,
			);
			mainGroup = 10A7DEF51F584CE7004C4F61;
			productRefGroup = 10A7DEFF1F584CE8004C4F61 /* Products */;
			projectDirPath = "";
			projectRoot = "";
			targets = (
				10A7DEFD1F584CE7004C4F61 /* It Happened */,
			);
		};
/* End PBXProject section */

/* Begin PBXResourcesBuildPhase section */
		10A7DEFC1F584CE7004C4F61 /* Resources */ = {
			isa = PBXResourcesBuildPhase;
			buildActionMask = 2147483647;
			files = (
				10A7DF0F1F584CE8004C4F61 /* LaunchScreen.storyboard in Resources */,
				10A7DF0C1F584CE8004C4F61 /* Assets.xcassets in Resources */,
				10A7DF071F584CE8004C4F61 /* Main.storyboard in Resources */,
			);
			runOnlyForDeploymentPostprocessing = 0;
		};
/* End PBXResourcesBuildPhase section */

/* Begin PBXSourcesBuildPhase section */
		10A7DEFA1F584CE7004C4F61 /* Sources */ = {
			isa = PBXSourcesBuildPhase;
			buildActionMask = 2147483647;
			files = (
				1091DA271F59907D00BBD040 /* ActivityCell.swift in Sources */,
				10A7DF041F584CE8004C4F61 /* ActivityVC.swift in Sources */,
				105AD72E1F6020D100F36249 /* ActivityTableView.swift in Sources */,
				10A7DF1F1F585321004C4F61 /* InstanceVC.swift in Sources */,
				10F926D21F585BB700D06941 /* Activity+CoreDataProperties.swift in Sources */,
				1040F4951F65DBC700893F7D /* IncrementButton.swift in Sources */,
				10A7DF191F58515C004C4F61 /* Style.swift in Sources */,
				10A7DF171F585153004C4F61 /* DataManager.swift in Sources */,
				10F926D11F585BB700D06941 /* Activity+CoreDataClass.swift in Sources */,
				10F926D01F585BB700D06941 /* Instance+CoreDataProperties.swift in Sources */,
				10F926CF1F585BB700D06941 /* Instance+CoreDataClass.swift in Sources */,
				10A7DF021F584CE8004C4F61 /* AppDelegate.swift in Sources */,
				105AD72C1F60204C00F36249 /* Extensions.swift in Sources */,
				106C3A7D1F647D2800E3D7F3 /* NewButton.swift in Sources */,
				1044636C1F5B048800312E5A /* BaseButton.swift in Sources */,
				104463681F5AF33D00312E5A /* InstanceCell.swift in Sources */,
				1044636A1F5B001600312E5A /* EditInstanceVC.swift in Sources */,
				10A7DF0A1F584CE8004C4F61 /* It_Happened.xcdatamodeld in Sources */,
				101AE24A1F617A7A00F2EC17 /* Delegates.swift in Sources */,
				101AE2481F61798B00F2EC17 /* DatePickerVC.swift in Sources */,
			);
			runOnlyForDeploymentPostprocessing = 0;
		};
/* End PBXSourcesBuildPhase section */

/* Begin PBXVariantGroup section */
		10A7DF051F584CE8004C4F61 /* Main.storyboard */ = {
			isa = PBXVariantGroup;
			children = (
				10A7DF061F584CE8004C4F61 /* Base */,
			);
			name = Main.storyboard;
			sourceTree = "<group>";
		};
		10A7DF0D1F584CE8004C4F61 /* LaunchScreen.storyboard */ = {
			isa = PBXVariantGroup;
			children = (
				10A7DF0E1F584CE8004C4F61 /* Base */,
			);
			name = LaunchScreen.storyboard;
			sourceTree = "<group>";
		};
/* End PBXVariantGroup section */

/* Begin XCBuildConfiguration section */
		10A7DF111F584CE8004C4F61 /* Debug */ = {
			isa = XCBuildConfiguration;
			buildSettings = {
				ALWAYS_SEARCH_USER_PATHS = NO;
				CLANG_ANALYZER_NONNULL = YES;
				CLANG_ANALYZER_NUMBER_OBJECT_CONVERSION = YES_AGGRESSIVE;
				CLANG_CXX_LANGUAGE_STANDARD = "gnu++0x";
				CLANG_CXX_LIBRARY = "libc++";
				CLANG_ENABLE_MODULES = YES;
				CLANG_ENABLE_OBJC_ARC = YES;
				CLANG_WARN_BLOCK_CAPTURE_AUTORELEASING = YES;
				CLANG_WARN_BOOL_CONVERSION = YES;
				CLANG_WARN_COMMA = YES;
				CLANG_WARN_CONSTANT_CONVERSION = YES;
				CLANG_WARN_DIRECT_OBJC_ISA_USAGE = YES_ERROR;
				CLANG_WARN_DOCUMENTATION_COMMENTS = YES;
				CLANG_WARN_EMPTY_BODY = YES;
				CLANG_WARN_ENUM_CONVERSION = YES;
				CLANG_WARN_INFINITE_RECURSION = YES;
				CLANG_WARN_INT_CONVERSION = YES;
				CLANG_WARN_NON_LITERAL_NULL_CONVERSION = YES;
				CLANG_WARN_OBJC_LITERAL_CONVERSION = YES;
				CLANG_WARN_OBJC_ROOT_CLASS = YES_ERROR;
				CLANG_WARN_RANGE_LOOP_ANALYSIS = YES;
				CLANG_WARN_STRICT_PROTOTYPES = YES;
				CLANG_WARN_SUSPICIOUS_MOVE = YES;
				CLANG_WARN_UNREACHABLE_CODE = YES;
				CLANG_WARN__DUPLICATE_METHOD_MATCH = YES;
				"CODE_SIGN_IDENTITY[sdk=iphoneos*]" = "iPhone Developer";
				COPY_PHASE_STRIP = NO;
				DEBUG_INFORMATION_FORMAT = dwarf;
				ENABLE_STRICT_OBJC_MSGSEND = YES;
				ENABLE_TESTABILITY = YES;
				GCC_C_LANGUAGE_STANDARD = gnu99;
				GCC_DYNAMIC_NO_PIC = NO;
				GCC_NO_COMMON_BLOCKS = YES;
				GCC_OPTIMIZATION_LEVEL = 0;
				GCC_PREPROCESSOR_DEFINITIONS = (
					"DEBUG=1",
					"$(inherited)",
				);
				GCC_WARN_64_TO_32_BIT_CONVERSION = YES;
				GCC_WARN_ABOUT_RETURN_TYPE = YES_ERROR;
				GCC_WARN_UNDECLARED_SELECTOR = YES;
				GCC_WARN_UNINITIALIZED_AUTOS = YES_AGGRESSIVE;
				GCC_WARN_UNUSED_FUNCTION = YES;
				GCC_WARN_UNUSED_VARIABLE = YES;
				IPHONEOS_DEPLOYMENT_TARGET = 11.0;
				MTL_ENABLE_DEBUG_INFO = YES;
				ONLY_ACTIVE_ARCH = YES;
				SDKROOT = iphoneos;
				SWIFT_ACTIVE_COMPILATION_CONDITIONS = DEBUG;
				SWIFT_OPTIMIZATION_LEVEL = "-Onone";
				TARGETED_DEVICE_FAMILY = "1,2";
			};
			name = Debug;
		};
		10A7DF121F584CE8004C4F61 /* Release */ = {
			isa = XCBuildConfiguration;
			buildSettings = {
				ALWAYS_SEARCH_USER_PATHS = NO;
				CLANG_ANALYZER_NONNULL = YES;
				CLANG_ANALYZER_NUMBER_OBJECT_CONVERSION = YES_AGGRESSIVE;
				CLANG_CXX_LANGUAGE_STANDARD = "gnu++0x";
				CLANG_CXX_LIBRARY = "libc++";
				CLANG_ENABLE_MODULES = YES;
				CLANG_ENABLE_OBJC_ARC = YES;
				CLANG_WARN_BLOCK_CAPTURE_AUTORELEASING = YES;
				CLANG_WARN_BOOL_CONVERSION = YES;
				CLANG_WARN_COMMA = YES;
				CLANG_WARN_CONSTANT_CONVERSION = YES;
				CLANG_WARN_DIRECT_OBJC_ISA_USAGE = YES_ERROR;
				CLANG_WARN_DOCUMENTATION_COMMENTS = YES;
				CLANG_WARN_EMPTY_BODY = YES;
				CLANG_WARN_ENUM_CONVERSION = YES;
				CLANG_WARN_INFINITE_RECURSION = YES;
				CLANG_WARN_INT_CONVERSION = YES;
				CLANG_WARN_NON_LITERAL_NULL_CONVERSION = YES;
				CLANG_WARN_OBJC_LITERAL_CONVERSION = YES;
				CLANG_WARN_OBJC_ROOT_CLASS = YES_ERROR;
				CLANG_WARN_RANGE_LOOP_ANALYSIS = YES;
				CLANG_WARN_STRICT_PROTOTYPES = YES;
				CLANG_WARN_SUSPICIOUS_MOVE = YES;
				CLANG_WARN_UNREACHABLE_CODE = YES;
				CLANG_WARN__DUPLICATE_METHOD_MATCH = YES;
				"CODE_SIGN_IDENTITY[sdk=iphoneos*]" = "iPhone Developer";
				COPY_PHASE_STRIP = NO;
				DEBUG_INFORMATION_FORMAT = "dwarf-with-dsym";
				ENABLE_NS_ASSERTIONS = NO;
				ENABLE_STRICT_OBJC_MSGSEND = YES;
				GCC_C_LANGUAGE_STANDARD = gnu99;
				GCC_NO_COMMON_BLOCKS = YES;
				GCC_WARN_64_TO_32_BIT_CONVERSION = YES;
				GCC_WARN_ABOUT_RETURN_TYPE = YES_ERROR;
				GCC_WARN_UNDECLARED_SELECTOR = YES;
				GCC_WARN_UNINITIALIZED_AUTOS = YES_AGGRESSIVE;
				GCC_WARN_UNUSED_FUNCTION = YES;
				GCC_WARN_UNUSED_VARIABLE = YES;
				IPHONEOS_DEPLOYMENT_TARGET = 11.0;
				MTL_ENABLE_DEBUG_INFO = NO;
				SDKROOT = iphoneos;
				SWIFT_OPTIMIZATION_LEVEL = "-Owholemodule";
				TARGETED_DEVICE_FAMILY = "1,2";
				VALIDATE_PRODUCT = YES;
			};
			name = Release;
		};
		10A7DF141F584CE8004C4F61 /* Debug */ = {
			isa = XCBuildConfiguration;
			buildSettings = {
				ASSETCATALOG_COMPILER_APPICON_NAME = AppIcon;
				DEVELOPMENT_TEAM = TFEDY5M56J;
				INFOPLIST_FILE = "It Happened/Info.plist";
				LD_RUNPATH_SEARCH_PATHS = "$(inherited) @executable_path/Frameworks";
				PRODUCT_BUNDLE_IDENTIFIER = "com.drewlanning.It-Happened";
				PRODUCT_NAME = "$(TARGET_NAME)";
				SWIFT_SWIFT3_OBJC_INFERENCE = Default;
				SWIFT_VERSION = 4.0;
				TARGETED_DEVICE_FAMILY = 1;
			};
			name = Debug;
		};
		10A7DF151F584CE8004C4F61 /* Release */ = {
			isa = XCBuildConfiguration;
			buildSettings = {
				ASSETCATALOG_COMPILER_APPICON_NAME = AppIcon;
				DEVELOPMENT_TEAM = TFEDY5M56J;
				INFOPLIST_FILE = "It Happened/Info.plist";
				LD_RUNPATH_SEARCH_PATHS = "$(inherited) @executable_path/Frameworks";
				PRODUCT_BUNDLE_IDENTIFIER = "com.drewlanning.It-Happened";
				PRODUCT_NAME = "$(TARGET_NAME)";
				SWIFT_SWIFT3_OBJC_INFERENCE = Default;
				SWIFT_VERSION = 4.0;
				TARGETED_DEVICE_FAMILY = 1;
			};
			name = Release;
		};
/* End XCBuildConfiguration section */

/* Begin XCConfigurationList section */
		10A7DEF91F584CE7004C4F61 /* Build configuration list for PBXProject "It Happened" */ = {
			isa = XCConfigurationList;
			buildConfigurations = (
				10A7DF111F584CE8004C4F61 /* Debug */,
				10A7DF121F584CE8004C4F61 /* Release */,
			);
			defaultConfigurationIsVisible = 0;
			defaultConfigurationName = Release;
		};
		10A7DF131F584CE8004C4F61 /* Build configuration list for PBXNativeTarget "It Happened" */ = {
			isa = XCConfigurationList;
			buildConfigurations = (
				10A7DF141F584CE8004C4F61 /* Debug */,
				10A7DF151F584CE8004C4F61 /* Release */,
			);
			defaultConfigurationIsVisible = 0;
			defaultConfigurationName = Release;
		};
/* End XCConfigurationList section */

/* Begin XCVersionGroup section */
		10A7DF081F584CE8004C4F61 /* It_Happened.xcdatamodeld */ = {
			isa = XCVersionGroup;
			children = (
				10A7DF091F584CE8004C4F61 /* It_Happened.xcdatamodel */,
			);
			currentVersion = 10A7DF091F584CE8004C4F61 /* It_Happened.xcdatamodel */;
			path = It_Happened.xcdatamodeld;
			sourceTree = "<group>";
			versionGroupType = wrapper.xcdatamodel;
		};
/* End XCVersionGroup section */
	};
	rootObject = 10A7DEF61F584CE7004C4F61 /* Project object */;
}
